
Microsoft Visual Studio Solution File, Format Version 12.00
# Visual Studio 15
VisualStudioVersion = 15.0.26124.0
MinimumVisualStudioVersion = 15.0.26124.0
Project("{FAE04EC0-301F-11D3-BF4B-00C04F79EFBC}") = "API", "API\API.csproj", "{82496703-F9F4-40F2-9D0B-CCE05F79E72C}"
EndProject
Project("{FAE04EC0-301F-11D3-BF4B-00C04F79EFBC}") = "Application", "Application\Application.csproj", "{791B1953-4BB6-4980-8D69-04F5C8264A6B}"
EndProject
Project("{FAE04EC0-301F-11D3-BF4B-00C04F79EFBC}") = "Persistence", "Persistence\Persistence.csproj", "{1CAB48CF-D0A5-4428-A226-E9E1D3107E4F}"
EndProject
Project("{FAE04EC0-301F-11D3-BF4B-00C04F79EFBC}") = "Domain", "Domain\Domain.csproj", "{DD2DA08B-30CE-41C2-9883-6D602F7A06E8}"
EndProject
Global
	GlobalSection(SolutionConfigurationPlatforms) = preSolution
		Debug|Any CPU = Debug|Any CPU
		Debug|x64 = Debug|x64
		Debug|x86 = Debug|x86
		Release|Any CPU = Release|Any CPU
		Release|x64 = Release|x64
		Release|x86 = Release|x86
	EndGlobalSection
	GlobalSection(SolutionProperties) = preSolution
		HideSolutionNode = FALSE
	EndGlobalSection
	GlobalSection(ProjectConfigurationPlatforms) = postSolution
		{82496703-F9F4-40F2-9D0B-CCE05F79E72C}.Debug|Any CPU.ActiveCfg = Debug|Any CPU
		{82496703-F9F4-40F2-9D0B-CCE05F79E72C}.Debug|Any CPU.Build.0 = Debug|Any CPU
		{82496703-F9F4-40F2-9D0B-CCE05F79E72C}.Debug|x64.ActiveCfg = Debug|Any CPU
		{82496703-F9F4-40F2-9D0B-CCE05F79E72C}.Debug|x64.Build.0 = Debug|Any CPU
		{82496703-F9F4-40F2-9D0B-CCE05F79E72C}.Debug|x86.ActiveCfg = Debug|Any CPU
		{82496703-F9F4-40F2-9D0B-CCE05F79E72C}.Debug|x86.Build.0 = Debug|Any CPU
		{82496703-F9F4-40F2-9D0B-CCE05F79E72C}.Release|Any CPU.ActiveCfg = Release|Any CPU
		{82496703-F9F4-40F2-9D0B-CCE05F79E72C}.Release|Any CPU.Build.0 = Release|Any CPU
		{82496703-F9F4-40F2-9D0B-CCE05F79E72C}.Release|x64.ActiveCfg = Release|Any CPU
		{82496703-F9F4-40F2-9D0B-CCE05F79E72C}.Release|x64.Build.0 = Release|Any CPU
		{82496703-F9F4-40F2-9D0B-CCE05F79E72C}.Release|x86.ActiveCfg = Release|Any CPU
		{82496703-F9F4-40F2-9D0B-CCE05F79E72C}.Release|x86.Build.0 = Release|Any CPU
		{791B1953-4BB6-4980-8D69-04F5C8264A6B}.Debug|Any CPU.ActiveCfg = Debug|Any CPU
		{791B1953-4BB6-4980-8D69-04F5C8264A6B}.Debug|Any CPU.Build.0 = Debug|Any CPU
		{791B1953-4BB6-4980-8D69-04F5C8264A6B}.Debug|x64.ActiveCfg = Debug|Any CPU
		{791B1953-4BB6-4980-8D69-04F5C8264A6B}.Debug|x64.Build.0 = Debug|Any CPU
		{791B1953-4BB6-4980-8D69-04F5C8264A6B}.Debug|x86.ActiveCfg = Debug|Any CPU
		{791B1953-4BB6-4980-8D69-04F5C8264A6B}.Debug|x86.Build.0 = Debug|Any CPU
		{791B1953-4BB6-4980-8D69-04F5C8264A6B}.Release|Any CPU.ActiveCfg = Release|Any CPU
		{791B1953-4BB6-4980-8D69-04F5C8264A6B}.Release|Any CPU.Build.0 = Release|Any CPU
		{791B1953-4BB6-4980-8D69-04F5C8264A6B}.Release|x64.ActiveCfg = Release|Any CPU
		{791B1953-4BB6-4980-8D69-04F5C8264A6B}.Release|x64.Build.0 = Release|Any CPU
		{791B1953-4BB6-4980-8D69-04F5C8264A6B}.Release|x86.ActiveCfg = Release|Any CPU
		{791B1953-4BB6-4980-8D69-04F5C8264A6B}.Release|x86.Build.0 = Release|Any CPU
		{1CAB48CF-D0A5-4428-A226-E9E1D3107E4F}.Debug|Any CPU.ActiveCfg = Debug|Any CPU
		{1CAB48CF-D0A5-4428-A226-E9E1D3107E4F}.Debug|Any CPU.Build.0 = Debug|Any CPU
		{1CAB48CF-D0A5-4428-A226-E9E1D3107E4F}.Debug|x64.ActiveCfg = Debug|Any CPU
		{1CAB48CF-D0A5-4428-A226-E9E1D3107E4F}.Debug|x64.Build.0 = Debug|Any CPU
		{1CAB48CF-D0A5-4428-A226-E9E1D3107E4F}.Debug|x86.ActiveCfg = Debug|Any CPU
		{1CAB48CF-D0A5-4428-A226-E9E1D3107E4F}.Debug|x86.Build.0 = Debug|Any CPU
		{1CAB48CF-D0A5-4428-A226-E9E1D3107E4F}.Release|Any CPU.ActiveCfg = Release|Any CPU
		{1CAB48CF-D0A5-4428-A226-E9E1D3107E4F}.Release|Any CPU.Build.0 = Release|Any CPU
		{1CAB48CF-D0A5-4428-A226-E9E1D3107E4F}.Release|x64.ActiveCfg = Release|Any CPU
		{1CAB48CF-D0A5-4428-A226-E9E1D3107E4F}.Release|x64.Build.0 = Release|Any CPU
		{1CAB48CF-D0A5-4428-A226-E9E1D3107E4F}.Release|x86.ActiveCfg = Release|Any CPU
		{1CAB48CF-D0A5-4428-A226-E9E1D3107E4F}.Release|x86.Build.0 = Release|Any CPU
		{DD2DA08B-30CE-41C2-9883-6D602F7A06E8}.Debug|Any CPU.ActiveCfg = Debug|Any CPU
		{DD2DA08B-30CE-41C2-9883-6D602F7A06E8}.Debug|Any CPU.Build.0 = Debug|Any CPU
		{DD2DA08B-30CE-41C2-9883-6D602F7A06E8}.Debug|x64.ActiveCfg = Debug|Any CPU
		{DD2DA08B-30CE-41C2-9883-6D602F7A06E8}.Debug|x64.Build.0 = Debug|Any CPU
		{DD2DA08B-30CE-41C2-9883-6D602F7A06E8}.Debug|x86.ActiveCfg = Debug|Any CPU
		{DD2DA08B-30CE-41C2-9883-6D602F7A06E8}.Debug|x86.Build.0 = Debug|Any CPU
		{DD2DA08B-30CE-41C2-9883-6D602F7A06E8}.Release|Any CPU.ActiveCfg = Release|Any CPU
		{DD2DA08B-30CE-41C2-9883-6D602F7A06E8}.Release|Any CPU.Build.0 = Release|Any CPU
		{DD2DA08B-30CE-41C2-9883-6D602F7A06E8}.Release|x64.ActiveCfg = Release|Any CPU
		{DD2DA08B-30CE-41C2-9883-6D602F7A06E8}.Release|x64.Build.0 = Release|Any CPU
		{DD2DA08B-30CE-41C2-9883-6D602F7A06E8}.Release|x86.ActiveCfg = Release|Any CPU
		{DD2DA08B-30CE-41C2-9883-6D602F7A06E8}.Release|x86.Build.0 = Release|Any CPU
	EndGlobalSection
EndGlobal
